{
  "name": "yantra-test",
  "version": "1.0.0",
  "lockfileVersion": 3,
  "requires": true,
  "packages": {
    "": {
      "name": "yantra-test",
      "version": "1.0.0",
      "license": "ISC",
      "dependencies": {
        "yantra-package": "^1.0.1-0"
      }
    },
    "node_modules/yantra-package": {
      "version": "1.0.1-0",
      "resolved": "https://registry.npmjs.org/yantra-package/-/yantra-package-1.0.1-0.tgz",
      "integrity": "sha512-PLMUWJ7ObM1So3KWjVh83WCi0kVxY8kHLrRZYJQcrq/cfRVikQHrDCPf0kQ2JIU2DDhdQnS3g9bXaiH0XIeLhw=="
    }
  }
}
